// !$*UTF8*$!
{
	archiveVersion = 1;
	classes = {
	};
	objectVersion = 56;
	objects = {

/* Begin PBXBuildFile section */
		6358565029C24EA7007B3A9D /* VisualisingDataStructuresApp.swift in Sources */ = {isa = PBXBuildFile; fileRef = 6358564F29C24EA7007B3A9D /* VisualisingDataStructuresApp.swift */; };
		6358565229C24EA7007B3A9D /* ContentView.swift in Sources */ = {isa = PBXBuildFile; fileRef = 6358565129C24EA7007B3A9D /* ContentView.swift */; };
		6358565429C24EA8007B3A9D /* Assets.xcassets in Resources */ = {isa = PBXBuildFile; fileRef = 6358565329C24EA8007B3A9D /* Assets.xcassets */; };
		6358565729C24EA8007B3A9D /* Preview Assets.xcassets in Resources */ = {isa = PBXBuildFile; fileRef = 6358565629C24EA8007B3A9D /* Preview Assets.xcassets */; };
		6358566129C24EA8007B3A9D /* VisualisingDataStructuresTests.swift in Sources */ = {isa = PBXBuildFile; fileRef = 6358566029C24EA8007B3A9D /* VisualisingDataStructuresTests.swift */; };
		6358566B29C24EA8007B3A9D /* VisualisingDataStructuresUITests.swift in Sources */ = {isa = PBXBuildFile; fileRef = 6358566A29C24EA8007B3A9D /* VisualisingDataStructuresUITests.swift */; };
		6358566D29C24EA8007B3A9D /* VisualisingDataStructuresUITestsLaunchTests.swift in Sources */ = {isa = PBXBuildFile; fileRef = 6358566C29C24EA8007B3A9D /* VisualisingDataStructuresUITestsLaunchTests.swift */; };
		6358567D29C24FB7007B3A9D /* StackView.swift in Sources */ = {isa = PBXBuildFile; fileRef = 6358567C29C24FB7007B3A9D /* StackView.swift */; };
		6358567F29C2500F007B3A9D /* QueueView.swift in Sources */ = {isa = PBXBuildFile; fileRef = 6358567E29C2500F007B3A9D /* QueueView.swift */; };
		6358568129C2501C007B3A9D /* LinkedListView.swift in Sources */ = {isa = PBXBuildFile; fileRef = 6358568029C2501C007B3A9D /* LinkedListView.swift */; };
		6358568329C2504A007B3A9D /* Stack.swift in Sources */ = {isa = PBXBuildFile; fileRef = 6358568229C2504A007B3A9D /* Stack.swift */; };
		6358568529C25075007B3A9D /* Queue.swift in Sources */ = {isa = PBXBuildFile; fileRef = 6358568429C25075007B3A9D /* Queue.swift */; };
		6358568729C25080007B3A9D /* LinkedList.swift in Sources */ = {isa = PBXBuildFile; fileRef = 6358568629C25080007B3A9D /* LinkedList.swift */; };
/* End PBXBuildFile section */

/* Begin PBXContainerItemProxy section */
		6358565D29C24EA8007B3A9D /* PBXContainerItemProxy */ = {
			isa = PBXContainerItemProxy;
			containerPortal = 6358564429C24EA7007B3A9D /* Project object */;
			proxyType = 1;
			remoteGlobalIDString = 6358564B29C24EA7007B3A9D;
			remoteInfo = VisualisingDataStructures;
		};
		6358566729C24EA8007B3A9D /* PBXContainerItemProxy */ = {
			isa = PBXContainerItemProxy;
			containerPortal = 6358564429C24EA7007B3A9D /* Project object */;
			proxyType = 1;
			remoteGlobalIDString = 6358564B29C24EA7007B3A9D;
			remoteInfo = VisualisingDataStructures;
		};
/* End PBXContainerItemProxy section */

/* Begin PBXFileReference section */
		6358564C29C24EA7007B3A9D /* VisualisingDataStructures.app */ = {isa = PBXFileReference; explicitFileType = wrapper.application; includeInIndex = 0; path = VisualisingDataStructures.app; sourceTree = BUILT_PRODUCTS_DIR; };
		6358564F29C24EA7007B3A9D /* VisualisingDataStructuresApp.swift */ = {isa = PBXFileReference; lastKnownFileType = sourcecode.swift; path = VisualisingDataStructuresApp.swift; sourceTree = "<group>"; };
		6358565129C24EA7007B3A9D /* ContentView.swift */ = {isa = PBXFileReference; lastKnownFileType = sourcecode.swift; path = ContentView.swift; sourceTree = "<group>"; };
		6358565329C24EA8007B3A9D /* Assets.xcassets */ = {isa = PBXFileReference; lastKnownFileType = folder.assetcatalog; path = Assets.xcassets; sourceTree = "<group>"; };
		6358565629C24EA8007B3A9D /* Preview Assets.xcassets */ = {isa = PBXFileReference; lastKnownFileType = folder.assetcatalog; path = "Preview Assets.xcassets"; sourceTree = "<group>"; };
		6358565C29C24EA8007B3A9D /* VisualisingDataStructuresTests.xctest */ = {isa = PBXFileReference; explicitFileType = wrapper.cfbundle; includeInIndex = 0; path = VisualisingDataStructuresTests.xctest; sourceTree = BUILT_PRODUCTS_DIR; };
		6358566029C24EA8007B3A9D /* VisualisingDataStructuresTests.swift */ = {isa = PBXFileReference; lastKnownFileType = sourcecode.swift; path = VisualisingDataStructuresTests.swift; sourceTree = "<group>"; };
		6358566629C24EA8007B3A9D /* VisualisingDataStructuresUITests.xctest */ = {isa = PBXFileReference; explicitFileType = wrapper.cfbundle; includeInIndex = 0; path = VisualisingDataStructuresUITests.xctest; sourceTree = BUILT_PRODUCTS_DIR; };
		6358566A29C24EA8007B3A9D /* VisualisingDataStructuresUITests.swift */ = {isa = PBXFileReference; lastKnownFileType = sourcecode.swift; path = VisualisingDataStructuresUITests.swift; sourceTree = "<group>"; };
		6358566C29C24EA8007B3A9D /* VisualisingDataStructuresUITestsLaunchTests.swift */ = {isa = PBXFileReference; lastKnownFileType = sourcecode.swift; path = VisualisingDataStructuresUITestsLaunchTests.swift; sourceTree = "<group>"; };
		6358567C29C24FB7007B3A9D /* StackView.swift */ = {isa = PBXFileReference; lastKnownFileType = sourcecode.swift; path = StackView.swift; sourceTree = "<group>"; };
		6358567E29C2500F007B3A9D /* QueueView.swift */ = {isa = PBXFileReference; lastKnownFileType = sourcecode.swift; path = QueueView.swift; sourceTree = "<group>"; };
		6358568029C2501C007B3A9D /* LinkedListView.swift */ = {isa = PBXFileReference; lastKnownFileType = sourcecode.swift; path = LinkedListView.swift; sourceTree = "<group>"; };
		6358568229C2504A007B3A9D /* Stack.swift */ = {isa = PBXFileReference; lastKnownFileType = sourcecode.swift; path = Stack.swift; sourceTree = "<group>"; };
		6358568429C25075007B3A9D /* Queue.swift */ = {isa = PBXFileReference; lastKnownFileType = sourcecode.swift; path = Queue.swift; sourceTree = "<group>"; };
		6358568629C25080007B3A9D /* LinkedList.swift */ = {isa = PBXFileReference; lastKnownFileType = sourcecode.swift; path = LinkedList.swift; sourceTree = "<group>"; };
/* End PBXFileReference section */

/* Begin PBXFrameworksBuildPhase section */
		6358564929C24EA7007B3A9D /* Frameworks */ = {
			isa = PBXFrameworksBuildPhase;
			buildActionMask = 2147483647;
			files = (
			);
			runOnlyForDeploymentPostprocessing = 0;
		};
		6358565929C24EA8007B3A9D /* Frameworks */ = {
			isa = PBXFrameworksBuildPhase;
			buildActionMask = 2147483647;
			files = (
			);
			runOnlyForDeploymentPostprocessing = 0;
		};
		6358566329C24EA8007B3A9D /* Frameworks */ = {
			isa = PBXFrameworksBuildPhase;
			buildActionMask = 2147483647;
			files = (
			);
			runOnlyForDeploymentPostprocessing = 0;
		};
/* End PBXFrameworksBuildPhase section */

/* Begin PBXGroup section */
		6358564329C24EA7007B3A9D = {
			isa = PBXGroup;
			children = (
				6358564E29C24EA7007B3A9D /* VisualisingDataStructures */,
				6358565F29C24EA8007B3A9D /* VisualisingDataStructuresTests */,
				6358566929C24EA8007B3A9D /* VisualisingDataStructuresUITests */,
				6358564D29C24EA7007B3A9D /* Products */,
			);
			sourceTree = "<group>";
		};
		6358564D29C24EA7007B3A9D /* Products */ = {
			isa = PBXGroup;
			children = (
				6358564C29C24EA7007B3A9D /* VisualisingDataStructures.app */,
				6358565C29C24EA8007B3A9D /* VisualisingDataStructuresTests.xctest */,
				6358566629C24EA8007B3A9D /* VisualisingDataStructuresUITests.xctest */,
			);
			name = Products;
			sourceTree = "<group>";
		};
		6358564E29C24EA7007B3A9D /* VisualisingDataStructures */ = {
			isa = PBXGroup;
			children = (
				6358567B29C24F8E007B3A9D /* View */,
				6358567A29C24F2E007B3A9D /* Model */,
				6358564F29C24EA7007B3A9D /* VisualisingDataStructuresApp.swift */,
				6358565129C24EA7007B3A9D /* ContentView.swift */,
				6358565329C24EA8007B3A9D /* Assets.xcassets */,
				6358565529C24EA8007B3A9D /* Preview Content */,
			);
			path = VisualisingDataStructures;
			sourceTree = "<group>";
		};
		6358565529C24EA8007B3A9D /* Preview Content */ = {
			isa = PBXGroup;
			children = (
				6358565629C24EA8007B3A9D /* Preview Assets.xcassets */,
			);
			path = "Preview Content";
			sourceTree = "<group>";
		};
		6358565F29C24EA8007B3A9D /* VisualisingDataStructuresTests */ = {
			isa = PBXGroup;
			children = (
				6358566029C24EA8007B3A9D /* VisualisingDataStructuresTests.swift */,
			);
			path = VisualisingDataStructuresTests;
			sourceTree = "<group>";
		};
		6358566929C24EA8007B3A9D /* VisualisingDataStructuresUITests */ = {
			isa = PBXGroup;
			children = (
				6358566A29C24EA8007B3A9D /* VisualisingDataStructuresUITests.swift */,
				6358566C29C24EA8007B3A9D /* VisualisingDataStructuresUITestsLaunchTests.swift */,
			);
			path = VisualisingDataStructuresUITests;
			sourceTree = "<group>";
		};
		6358567A29C24F2E007B3A9D /* Model */ = {
			isa = PBXGroup;
			children = (
				6358568229C2504A007B3A9D /* Stack.swift */,
				6358568429C25075007B3A9D /* Queue.swift */,
				6358568629C25080007B3A9D /* LinkedList.swift */,
			);
			path = Model;
			sourceTree = "<group>";
		};
		6358567B29C24F8E007B3A9D /* View */ = {
			isa = PBXGroup;
			children = (
				6358567C29C24FB7007B3A9D /* StackView.swift */,
				6358567E29C2500F007B3A9D /* QueueView.swift */,
				6358568029C2501C007B3A9D /* LinkedListView.swift */,
			);
			path = View;
			sourceTree = "<group>";
		};
/* End PBXGroup section */

/* Begin PBXNativeTarget section */
		6358564B29C24EA7007B3A9D /* VisualisingDataStructures */ = {
			isa = PBXNativeTarget;
			buildConfigurationList = 6358567029C24EA8007B3A9D /* Build configuration list for PBXNativeTarget "VisualisingDataStructures" */;
			buildPhases = (
				6358564829C24EA7007B3A9D /* Sources */,
				6358564929C24EA7007B3A9D /* Frameworks */,
				6358564A29C24EA7007B3A9D /* Resources */,
			);
			buildRules = (
			);
			dependencies = (
			);
			name = VisualisingDataStructures;
			productName = VisualisingDataStructures;
			productReference = 6358564C29C24EA7007B3A9D /* VisualisingDataStructures.app */;
			productType = "com.apple.product-type.application";
		};
		6358565B29C24EA8007B3A9D /* VisualisingDataStructuresTests */ = {
			isa = PBXNativeTarget;
			buildConfigurationList = 6358567329C24EA8007B3A9D /* Build configuration list for PBXNativeTarget "VisualisingDataStructuresTests" */;
			buildPhases = (
				6358565829C24EA8007B3A9D /* Sources */,
				6358565929C24EA8007B3A9D /* Frameworks */,
				6358565A29C24EA8007B3A9D /* Resources */,
			);
			buildRules = (
			);
			dependencies = (
				6358565E29C24EA8007B3A9D /* PBXTargetDependency */,
			);
			name = VisualisingDataStructuresTests;
			productName = VisualisingDataStructuresTests;
			productReference = 6358565C29C24EA8007B3A9D /* VisualisingDataStructuresTests.xctest */;
			productType = "com.apple.product-type.bundle.unit-test";
		};
		6358566529C24EA8007B3A9D /* VisualisingDataStructuresUITests */ = {
			isa = PBXNativeTarget;
			buildConfigurationList = 6358567629C24EA8007B3A9D /* Build configuration list for PBXNativeTarget "VisualisingDataStructuresUITests" */;
			buildPhases = (
				6358566229C24EA8007B3A9D /* Sources */,
				6358566329C24EA8007B3A9D /* Frameworks */,
				6358566429C24EA8007B3A9D /* Resources */,
			);
			buildRules = (
			);
			dependencies = (
				6358566829C24EA8007B3A9D /* PBXTargetDependency */,
			);
			name = VisualisingDataStructuresUITests;
			productName = VisualisingDataStructuresUITests;
			productReference = 6358566629C24EA8007B3A9D /* VisualisingDataStructuresUITests.xctest */;
			productType = "com.apple.product-type.bundle.ui-testing";
		};
/* End PBXNativeTarget section */

/* Begin PBXProject section */
		6358564429C24EA7007B3A9D /* Project object */ = {
			isa = PBXProject;
			attributes = {
				BuildIndependentTargetsInParallel = 1;
				LastSwiftUpdateCheck = 1420;
				LastUpgradeCheck = 1420;
				TargetAttributes = {
					6358564B29C24EA7007B3A9D = {
						CreatedOnToolsVersion = 14.2;
					};
					6358565B29C24EA8007B3A9D = {
						CreatedOnToolsVersion = 14.2;
						TestTargetID = 6358564B29C24EA7007B3A9D;
					};
					6358566529C24EA8007B3A9D = {
						CreatedOnToolsVersion = 14.2;
						TestTargetID = 6358564B29C24EA7007B3A9D;
					};
				};
			};
			buildConfigurationList = 6358564729C24EA7007B3A9D /* Build configuration list for PBXProject "VisualisingDataStructures" */;
			compatibilityVersion = "Xcode 14.0";
			developmentRegion = en;
			hasScannedForEncodings = 0;
			knownRegions = (
				en,
				Base,
			);
			mainGroup = 6358564329C24EA7007B3A9D;
			productRefGroup = 6358564D29C24EA7007B3A9D /* Products */;
			projectDirPath = "";
			projectRoot = "";
			targets = (
				6358564B29C24EA7007B3A9D /* VisualisingDataStructures */,
				6358565B29C24EA8007B3A9D /* VisualisingDataStructuresTests */,
				6358566529C24EA8007B3A9D /* VisualisingDataStructuresUITests */,
			);
		};
/* End PBXProject section */

/* Begin PBXResourcesBuildPhase section */
		6358564A29C24EA7007B3A9D /* Resources */ = {
			isa = PBXResourcesBuildPhase;
			buildActionMask = 2147483647;
			files = (
				6358565729C24EA8007B3A9D /* Preview Assets.xcassets in Resources */,
				6358565429C24EA8007B3A9D /* Assets.xcassets in Resources */,
			);
			runOnlyForDeploymentPostprocessing = 0;
		};
		6358565A29C24EA8007B3A9D /* Resources */ = {
			isa = PBXResourcesBuildPhase;
			buildActionMask = 2147483647;
			files = (
			);
			runOnlyForDeploymentPostprocessing = 0;
		};
		6358566429C24EA8007B3A9D /* Resources */ = {
			isa = PBXResourcesBuildPhase;
			buildActionMask = 2147483647;
			files = (
			);
			runOnlyForDeploymentPostprocessing = 0;
		};
/* End PBXResourcesBuildPhase section */

/* Begin PBXSourcesBuildPhase section */
		6358564829C24EA7007B3A9D /* Sources */ = {
			isa = PBXSourcesBuildPhase;
			buildActionMask = 2147483647;
			files = (
				6358565229C24EA7007B3A9D /* ContentView.swift in Sources */,
				6358568529C25075007B3A9D /* Queue.swift in Sources */,
				6358565029C24EA7007B3A9D /* VisualisingDataStructuresApp.swift in Sources */,
				6358567F29C2500F007B3A9D /* QueueView.swift in Sources */,
				6358567D29C24FB7007B3A9D /* StackView.swift in Sources */,
				6358568329C2504A007B3A9D /* Stack.swift in Sources */,
				6358568729C25080007B3A9D /* LinkedList.swift in Sources */,
				6358568129C2501C007B3A9D /* LinkedListView.swift in Sources */,
			);
			runOnlyForDeploymentPostprocessing = 0;
		};
		6358565829C24EA8007B3A9D /* Sources */ = {
			isa = PBXSourcesBuildPhase;
			buildActionMask = 2147483647;
			files = (
				6358566129C24EA8007B3A9D /* VisualisingDataStructuresTests.swift in Sources */,
			);
			runOnlyForDeploymentPostprocessing = 0;
		};
		6358566229C24EA8007B3A9D /* Sources */ = {
			isa = PBXSourcesBuildPhase;
			buildActionMask = 2147483647;
			files = (
				6358566B29C24EA8007B3A9D /* VisualisingDataStructuresUITests.swift in Sources */,
				6358566D29C24EA8007B3A9D /* VisualisingDataStructuresUITestsLaunchTests.swift in Sources */,
			);
			runOnlyForDeploymentPostprocessing = 0;
		};
/* End PBXSourcesBuildPhase section */

/* Begin PBXTargetDependency section */
		6358565E29C24EA8007B3A9D /* PBXTargetDependency */ = {
			isa = PBXTargetDependency;
			target = 6358564B29C24EA7007B3A9D /* VisualisingDataStructures */;
			targetProxy = 6358565D29C24EA8007B3A9D /* PBXContainerItemProxy */;
		};
		6358566829C24EA8007B3A9D /* PBXTargetDependency */ = {
			isa = PBXTargetDependency;
			target = 6358564B29C24EA7007B3A9D /* VisualisingDataStructures */;
			targetProxy = 6358566729C24EA8007B3A9D /* PBXContainerItemProxy */;
		};
/* End PBXTargetDependency section */

/* Begin XCBuildConfiguration section */
		6358566E29C24EA8007B3A9D /* Debug */ = {
			isa = XCBuildConfiguration;
			buildSettings = {
				ALWAYS_SEARCH_USER_PATHS = NO;
				CLANG_ANALYZER_NONNULL = YES;
				CLANG_ANALYZER_NUMBER_OBJECT_CONVERSION = YES_AGGRESSIVE;
				CLANG_CXX_LANGUAGE_STANDARD = "gnu++20";
				CLANG_ENABLE_MODULES = YES;
				CLANG_ENABLE_OBJC_ARC = YES;
				CLANG_ENABLE_OBJC_WEAK = YES;
				CLANG_WARN_BLOCK_CAPTURE_AUTORELEASING = YES;
				CLANG_WARN_BOOL_CONVERSION = YES;
				CLANG_WARN_COMMA = YES;
				CLANG_WARN_CONSTANT_CONVERSION = YES;
				CLANG_WARN_DEPRECATED_OBJC_IMPLEMENTATIONS = YES;
				CLANG_WARN_DIRECT_OBJC_ISA_USAGE = YES_ERROR;
				CLANG_WARN_DOCUMENTATION_COMMENTS = YES;
				CLANG_WARN_EMPTY_BODY = YES;
				CLANG_WARN_ENUM_CONVERSION = YES;
				CLANG_WARN_INFINITE_RECURSION = YES;
				CLANG_WARN_INT_CONVERSION = YES;
				CLANG_WARN_NON_LITERAL_NULL_CONVERSION = YES;
				CLANG_WARN_OBJC_IMPLICIT_RETAIN_SELF = YES;
				CLANG_WARN_OBJC_LITERAL_CONVERSION = YES;
				CLANG_WARN_OBJC_ROOT_CLASS = YES_ERROR;
				CLANG_WARN_QUOTED_INCLUDE_IN_FRAMEWORK_HEADER = YES;
				CLANG_WARN_RANGE_LOOP_ANALYSIS = YES;
				CLANG_WARN_STRICT_PROTOTYPES = YES;
				CLANG_WARN_SUSPICIOUS_MOVE = YES;
				CLANG_WARN_UNGUARDED_AVAILABILITY = YES_AGGRESSIVE;
				CLANG_WARN_UNREACHABLE_CODE = YES;
				CLANG_WARN__DUPLICATE_METHOD_MATCH = YES;
				COPY_PHASE_STRIP = NO;
				DEBUG_INFORMATION_FORMAT = dwarf;
				ENABLE_STRICT_OBJC_MSGSEND = YES;
				ENABLE_TESTABILITY = YES;
				GCC_C_LANGUAGE_STANDARD = gnu11;
				GCC_DYNAMIC_NO_PIC = NO;
				GCC_NO_COMMON_BLOCKS = YES;
				GCC_OPTIMIZATION_LEVEL = 0;
				GCC_PREPROCESSOR_DEFINITIONS = (
					"DEBUG=1",
					"$(inherited)",
				);
				GCC_WARN_64_TO_32_BIT_CONVERSION = YES;
				GCC_WARN_ABOUT_RETURN_TYPE = YES_ERROR;
				GCC_WARN_UNDECLARED_SELECTOR = YES;
				GCC_WARN_UNINITIALIZED_AUTOS = YES_AGGRESSIVE;
				GCC_WARN_UNUSED_FUNCTION = YES;
				GCC_WARN_UNUSED_VARIABLE = YES;
				IPHONEOS_DEPLOYMENT_TARGET = 16.2;
				MTL_ENABLE_DEBUG_INFO = INCLUDE_SOURCE;
				MTL_FAST_MATH = YES;
				ONLY_ACTIVE_ARCH = YES;
				SDKROOT = iphoneos;
				SWIFT_ACTIVE_COMPILATION_CONDITIONS = DEBUG;
				SWIFT_OPTIMIZATION_LEVEL = "-Onone";
			};
			name = Debug;
		};
		6358566F29C24EA8007B3A9D /* Release */ = {
			isa = XCBuildConfiguration;
			buildSettings = {
				ALWAYS_SEARCH_USER_PATHS = NO;
				CLANG_ANALYZER_NONNULL = YES;
				CLANG_ANALYZER_NUMBER_OBJECT_CONVERSION = YES_AGGRESSIVE;
				CLANG_CXX_LANGUAGE_STANDARD = "gnu++20";
				CLANG_ENABLE_MODULES = YES;
				CLANG_ENABLE_OBJC_ARC = YES;
				CLANG_ENABLE_OBJC_WEAK = YES;
				CLANG_WARN_BLOCK_CAPTURE_AUTORELEASING = YES;
				CLANG_WARN_BOOL_CONVERSION = YES;
				CLANG_WARN_COMMA = YES;
				CLANG_WARN_CONSTANT_CONVERSION = YES;
				CLANG_WARN_DEPRECATED_OBJC_IMPLEMENTATIONS = YES;
				CLANG_WARN_DIRECT_OBJC_ISA_USAGE = YES_ERROR;
				CLANG_WARN_DOCUMENTATION_COMMENTS = YES;
				CLANG_WARN_EMPTY_BODY = YES;
				CLANG_WARN_ENUM_CONVERSION = YES;
				CLANG_WARN_INFINITE_RECURSION = YES;
				CLANG_WARN_INT_CONVERSION = YES;
				CLANG_WARN_NON_LITERAL_NULL_CONVERSION = YES;
				CLANG_WARN_OBJC_IMPLICIT_RETAIN_SELF = YES;
				CLANG_WARN_OBJC_LITERAL_CONVERSION = YES;
				CLANG_WARN_OBJC_ROOT_CLASS = YES_ERROR;
				CLANG_WARN_QUOTED_INCLUDE_IN_FRAMEWORK_HEADER = YES;
				CLANG_WARN_RANGE_LOOP_ANALYSIS = YES;
				CLANG_WARN_STRICT_PROTOTYPES = YES;
				CLANG_WARN_SUSPICIOUS_MOVE = YES;
				CLANG_WARN_UNGUARDED_AVAILABILITY = YES_AGGRESSIVE;
				CLANG_WARN_UNREACHABLE_CODE = YES;
				CLANG_WARN__DUPLICATE_METHOD_MATCH = YES;
				COPY_PHASE_STRIP = NO;
				DEBUG_INFORMATION_FORMAT = "dwarf-with-dsym";
				ENABLE_NS_ASSERTIONS = NO;
				ENABLE_STRICT_OBJC_MSGSEND = YES;
				GCC_C_LANGUAGE_STANDARD = gnu11;
				GCC_NO_COMMON_BLOCKS = YES;
				GCC_WARN_64_TO_32_BIT_CONVERSION = YES;
				GCC_WARN_ABOUT_RETURN_TYPE = YES_ERROR;
				GCC_WARN_UNDECLARED_SELECTOR = YES;
				GCC_WARN_UNINITIALIZED_AUTOS = YES_AGGRESSIVE;
				GCC_WARN_UNUSED_FUNCTION = YES;
				GCC_WARN_UNUSED_VARIABLE = YES;
				IPHONEOS_DEPLOYMENT_TARGET = 16.2;
				MTL_ENABLE_DEBUG_INFO = NO;
				MTL_FAST_MATH = YES;
				SDKROOT = iphoneos;
				SWIFT_COMPILATION_MODE = wholemodule;
				SWIFT_OPTIMIZATION_LEVEL = "-O";
				VALIDATE_PRODUCT = YES;
			};
			name = Release;
		};
		6358567129C24EA8007B3A9D /* Debug */ = {
			isa = XCBuildConfiguration;
			buildSettings = {
				ASSETCATALOG_COMPILER_APPICON_NAME = AppIcon;
				ASSETCATALOG_COMPILER_GLOBAL_ACCENT_COLOR_NAME = AccentColor;
				CODE_SIGN_STYLE = Automatic;
				CURRENT_PROJECT_VERSION = 1;
				DEVELOPMENT_ASSET_PATHS = "\"VisualisingDataStructures/Preview Content\"";
				ENABLE_PREVIEWS = YES;
				GENERATE_INFOPLIST_FILE = YES;
				INFOPLIST_KEY_UIApplicationSceneManifest_Generation = YES;
				INFOPLIST_KEY_UIApplicationSupportsIndirectInputEvents = YES;
				INFOPLIST_KEY_UILaunchScreen_Generation = YES;
				INFOPLIST_KEY_UISupportedInterfaceOrientations_iPad = "UIInterfaceOrientationPortrait UIInterfaceOrientationPortraitUpsideDown UIInterfaceOrientationLandscapeLeft UIInterfaceOrientationLandscapeRight";
				INFOPLIST_KEY_UISupportedInterfaceOrientations_iPhone = "UIInterfaceOrientationPortrait UIInterfaceOrientationLandscapeLeft UIInterfaceOrientationLandscapeRight";
				LD_RUNPATH_SEARCH_PATHS = (
					"$(inherited)",
					"@executable_path/Frameworks",
				);
				MARKETING_VERSION = 1.0;
				PRODUCT_BUNDLE_IDENTIFIER = jakotiaha.VisualisingDataStructures;
				PRODUCT_NAME = "$(TARGET_NAME)";
				SWIFT_EMIT_LOC_STRINGS = YES;
				SWIFT_VERSION = 5.0;
				TARGETED_DEVICE_FAMILY = "1,2";
			};
			name = Debug;
		};
		6358567229C24EA8007B3A9D /* Release */ = {
			isa = XCBuildConfiguration;
			buildSettings = {
				ASSETCATALOG_COMPILER_APPICON_NAME = AppIcon;
				ASSETCATALOG_COMPILER_GLOBAL_ACCENT_COLOR_NAME = AccentColor;
				CODE_SIGN_STYLE = Automatic;
				CURRENT_PROJECT_VERSION = 1;
				DEVELOPMENT_ASSET_PATHS = "\"VisualisingDataStructures/Preview Content\"";
				ENABLE_PREVIEWS = YES;
				GENERATE_INFOPLIST_FILE = YES;
				INFOPLIST_KEY_UIApplicationSceneManifest_Generation = YES;
				INFOPLIST_KEY_UIApplicationSupportsIndirectInputEvents = YES;
				INFOPLIST_KEY_UILaunchScreen_Generation = YES;
				INFOPLIST_KEY_UISupportedInterfaceOrientations_iPad = "UIInterfaceOrientationPortrait UIInterfaceOrientationPortraitUpsideDown UIInterfaceOrientationLandscapeLeft UIInterfaceOrientationLandscapeRight";
				INFOPLIST_KEY_UISupportedInterfaceOrientations_iPhone = "UIInterfaceOrientationPortrait UIInterfaceOrientationLandscapeLeft UIInterfaceOrientationLandscapeRight";
				LD_RUNPATH_SEARCH_PATHS = (
					"$(inherited)",
					"@executable_path/Frameworks",
				);
				MARKETING_VERSION = 1.0;
				PRODUCT_BUNDLE_IDENTIFIER = jakotiaha.VisualisingDataStructures;
				PRODUCT_NAME = "$(TARGET_NAME)";
				SWIFT_EMIT_LOC_STRINGS = YES;
				SWIFT_VERSION = 5.0;
				TARGETED_DEVICE_FAMILY = "1,2";
			};
			name = Release;
		};
		6358567429C24EA8007B3A9D /* Debug */ = {
			isa = XCBuildConfiguration;
			buildSettings = {
				ALWAYS_EMBED_SWIFT_STANDARD_LIBRARIES = YES;
				BUNDLE_LOADER = "$(TEST_HOST)";
				CODE_SIGN_STYLE = Automatic;
				CURRENT_PROJECT_VERSION = 1;
				GENERATE_INFOPLIST_FILE = YES;
				IPHONEOS_DEPLOYMENT_TARGET = 16.2;
				MARKETING_VERSION = 1.0;
				PRODUCT_BUNDLE_IDENTIFIER = jakotiaha.VisualisingDataStructuresTests;
				PRODUCT_NAME = "$(TARGET_NAME)";
				SWIFT_EMIT_LOC_STRINGS = NO;
				SWIFT_VERSION = 5.0;
				TARGETED_DEVICE_FAMILY = "1,2";
				TEST_HOST = "$(BUILT_PRODUCTS_DIR)/VisualisingDataStructures.app/$(BUNDLE_EXECUTABLE_FOLDER_PATH)/VisualisingDataStructures";
			};
			name = Debug;
		};
		6358567529C24EA8007B3A9D /* Release */ = {
			isa = XCBuildConfiguration;
			buildSettings = {
				ALWAYS_EMBED_SWIFT_STANDARD_LIBRARIES = YES;
				BUNDLE_LOADER = "$(TEST_HOST)";
				CODE_SIGN_STYLE = Automatic;
				CURRENT_PROJECT_VERSION = 1;
				GENERATE_INFOPLIST_FILE = YES;
				IPHONEOS_DEPLOYMENT_TARGET = 16.2;
				MARKETING_VERSION = 1.0;
				PRODUCT_BUNDLE_IDENTIFIER = jakotiaha.VisualisingDataStructuresTests;
				PRODUCT_NAME = "$(TARGET_NAME)";
				SWIFT_EMIT_LOC_STRINGS = NO;
				SWIFT_VERSION = 5.0;
				TARGETED_DEVICE_FAMILY = "1,2";
				TEST_HOST = "$(BUILT_PRODUCTS_DIR)/VisualisingDataStructures.app/$(BUNDLE_EXECUTABLE_FOLDER_PATH)/VisualisingDataStructures";
			};
			name = Release;
		};
		6358567729C24EA8007B3A9D /* Debug */ = {
			isa = XCBuildConfiguration;
			buildSettings = {
				ALWAYS_EMBED_SWIFT_STANDARD_LIBRARIES = YES;
				CODE_SIGN_STYLE = Automatic;
				CURRENT_PROJECT_VERSION = 1;
				GENERATE_INFOPLIST_FILE = YES;
				MARKETING_VERSION = 1.0;
				PRODUCT_BUNDLE_IDENTIFIER = jakotiaha.VisualisingDataStructuresUITests;
				PRODUCT_NAME = "$(TARGET_NAME)";
				SWIFT_EMIT_LOC_STRINGS = NO;
				SWIFT_VERSION = 5.0;
				TARGETED_DEVICE_FAMILY = "1,2";
				TEST_TARGET_NAME = VisualisingDataStructures;
			};
			name = Debug;
		};
		6358567829C24EA8007B3A9D /* Release */ = {
			isa = XCBuildConfiguration;
			buildSettings = {
				ALWAYS_EMBED_SWIFT_STANDARD_LIBRARIES = YES;
				CODE_SIGN_STYLE = Automatic;
				CURRENT_PROJECT_VERSION = 1;
				GENERATE_INFOPLIST_FILE = YES;
				MARKETING_VERSION = 1.0;
				PRODUCT_BUNDLE_IDENTIFIER = jakotiaha.VisualisingDataStructuresUITests;
				PRODUCT_NAME = "$(TARGET_NAME)";
				SWIFT_EMIT_LOC_STRINGS = NO;
				SWIFT_VERSION = 5.0;
				TARGETED_DEVICE_FAMILY = "1,2";
				TEST_TARGET_NAME = VisualisingDataStructures;
			};
			name = Release;
		};
/* End XCBuildConfiguration section */

/* Begin XCConfigurationList section */
		6358564729C24EA7007B3A9D /* Build configuration list for PBXProject "VisualisingDataStructures" */ = {
			isa = XCConfigurationList;
			buildConfigurations = (
				6358566E29C24EA8007B3A9D /* Debug */,
				6358566F29C24EA8007B3A9D /* Release */,
			);
			defaultConfigurationIsVisible = 0;
			defaultConfigurationName = Release;
		};
		6358567029C24EA8007B3A9D /* Build configuration list for PBXNativeTarget "VisualisingDataStructures" */ = {
			isa = XCConfigurationList;
			buildConfigurations = (
				6358567129C24EA8007B3A9D /* Debug */,
				6358567229C24EA8007B3A9D /* Release */,
			);
			defaultConfigurationIsVisible = 0;
			defaultConfigurationName = Release;
		};
		6358567329C24EA8007B3A9D /* Build configuration list for PBXNativeTarget "VisualisingDataStructuresTests" */ = {
			isa = XCConfigurationList;
			buildConfigurations = (
				6358567429C24EA8007B3A9D /* Debug */,
				6358567529C24EA8007B3A9D /* Release */,
			);
			defaultConfigurationIsVisible = 0;
			defaultConfigurationName = Release;
		};
		6358567629C24EA8007B3A9D /* Build configuration list for PBXNativeTarget "VisualisingDataStructuresUITests" */ = {
			isa = XCConfigurationList;
			buildConfigurations = (
				6358567729C24EA8007B3A9D /* Debug */,
				6358567829C24EA8007B3A9D /* Release */,
			);
			defaultConfigurationIsVisible = 0;
			defaultConfigurationName = Release;
		};
/* End XCConfigurationList section */
	};
	rootObject = 6358564429C24EA7007B3A9D /* Project object */;
}
